
Microsoft Visual Studio Solution File, Format Version 12.00
# Visual Studio Version 17
VisualStudioVersion = 17.3.32929.385
MinimumVisualStudioVersion = 10.0.40219.1
Project("{9A19103F-16F7-4668-BE54-9A1E7A4F7556}") = "S3-ForwardStream", "S3-ForwardStream\S3-ForwardStream.csproj", "{44D8109B-F47F-4CEC-8F64-99A1BA5312DB}"
EndProject
Project("{E53339B2-1760-4266-BCC7-CA923CBCF16C}") = "docker-compose", "docker-compose.dcproj", "{A960D008-27F6-4B79-B449-1753F6079B37}"
EndProject
Global
	GlobalSection(SolutionConfigurationPlatforms) = preSolution
		Debug|Any CPU = Debug|Any CPU
		Release|Any CPU = Release|Any CPU
	EndGlobalSection
	GlobalSection(ProjectConfigurationPlatforms) = postSolution
		{44D8109B-F47F-4CEC-8F64-99A1BA5312DB}.Debug|Any CPU.ActiveCfg = Debug|Any CPU
		{44D8109B-F47F-4CEC-8F64-99A1BA5312DB}.Debug|Any CPU.Build.0 = Debug|Any CPU
		{44D8109B-F47F-4CEC-8F64-99A1BA5312DB}.Release|Any CPU.ActiveCfg = Release|Any CPU
		{44D8109B-F47F-4CEC-8F64-99A1BA5312DB}.Release|Any CPU.Build.0 = Release|Any CPU
		{A960D008-27F6-4B79-B449-1753F6079B37}.Debug|Any CPU.ActiveCfg = Debug|Any CPU
		{A960D008-27F6-4B79-B449-1753F6079B37}.Debug|Any CPU.Build.0 = Debug|Any CPU
		{A960D008-27F6-4B79-B449-1753F6079B37}.Release|Any CPU.ActiveCfg = Release|Any CPU
		{A960D008-27F6-4B79-B449-1753F6079B37}.Release|Any CPU.Build.0 = Release|Any CPU
	EndGlobalSection
	GlobalSection(SolutionProperties) = preSolution
		HideSolutionNode = FALSE
	EndGlobalSection
	GlobalSection(ExtensibilityGlobals) = postSolution
		SolutionGuid = {667B6BB4-F795-45BA-BF07-6E304E61B73B}
	EndGlobalSection
EndGlobal
